
Microsoft Visual Studio Solution File, Format Version 12.00
# Visual Studio 2013
VisualStudioVersion = 12.0.30723.0
MinimumVisualStudioVersion = 10.0.40219.1
Project("{FAE04EC0-301F-11D3-BF4B-00C04F79EFBC}") = "Utils", "Utils\Utils.csproj", "{50AD7205-0997-49D8-B78D-92B40F9108B6}"
EndProject
Project("{FAE04EC0-301F-11D3-BF4B-00C04F79EFBC}") = "Tests", "Tests\Tests.csproj", "{2812F613-2AF3-4507-8F7E-30087C8CA38F}"
EndProject
Project("{2150E333-8FDC-42A3-9474-1A3956D46DE8}") = ".nuget", ".nuget", "{9758C3B5-7712-4A32-A877-2E48BAB3E5EC}"
	ProjectSection(SolutionItems) = preProject
		.nuget\NuGet.Config = .nuget\NuGet.Config
		.nuget\NuGet.exe = .nuget\NuGet.exe
		.nuget\NuGet.targets = .nuget\NuGet.targets
	EndProjectSection
EndProject
Project("{FAE04EC0-301F-11D3-BF4B-00C04F79EFBC}") = "Utils40", "Utils40\Utils40.csproj", "{DB867B23-3959-4476-9485-3FB8FF717FA6}"
EndProject
Project("{FAE04EC0-301F-11D3-BF4B-00C04F79EFBC}") = "Tests40", "Tests40\Tests40.csproj", "{072E0C90-87E8-4ECE-890E-CC1BB9AA097D}"
EndProject
Project("{FAE04EC0-301F-11D3-BF4B-00C04F79EFBC}") = "Utils45", "Utils45\Utils45.csproj", "{8E705F72-9A92-4BAD-B847-53F78381BB44}"
EndProject
Project("{FAE04EC0-301F-11D3-BF4B-00C04F79EFBC}") = "Tests45", "Tests45\Tests45.csproj", "{351B205A-D727-477D-B19C-8F4BA6970E90}"
EndProject
Project("{2150E333-8FDC-42A3-9474-1A3956D46DE8}") = "NET35", "NET35", "{441D5FAF-4A92-47E2-A0AE-E268C12A7C8A}"
EndProject
Project("{2150E333-8FDC-42A3-9474-1A3956D46DE8}") = "NET40", "NET40", "{BA3B7DCE-BF0F-4263-BF7A-BFDE2A2CD1EE}"
EndProject
Project("{2150E333-8FDC-42A3-9474-1A3956D46DE8}") = "NET45", "NET45", "{AAF729C6-1548-46D6-9AC0-AAD106A68641}"
EndProject
Project("{2150E333-8FDC-42A3-9474-1A3956D46DE8}") = "Solution Items", "Solution Items", "{1352B336-67AC-4A20-93C9-F6ABE46DE1FB}"
	ProjectSection(SolutionItems) = preProject
		build\AssemblyInfo.cs = build\AssemblyInfo.cs
		build\key.snk = build\key.snk
	EndProjectSection
EndProject
Project("{FAE04EC0-301F-11D3-BF4B-00C04F79EFBC}") = "Host", "Host\Host.csproj", "{5C5C7C95-5B26-43D6-9F5D-CDF613F53E70}"
EndProject
Global
	GlobalSection(SolutionConfigurationPlatforms) = preSolution
		Debug|Any CPU = Debug|Any CPU
		Debug40|Any CPU = Debug40|Any CPU
		Release|Any CPU = Release|Any CPU
	EndGlobalSection
	GlobalSection(ProjectConfigurationPlatforms) = postSolution
		{50AD7205-0997-49D8-B78D-92B40F9108B6}.Debug|Any CPU.ActiveCfg = Debug|Any CPU
		{50AD7205-0997-49D8-B78D-92B40F9108B6}.Debug|Any CPU.Build.0 = Debug|Any CPU
		{50AD7205-0997-49D8-B78D-92B40F9108B6}.Debug40|Any CPU.ActiveCfg = Debug|Any CPU
		{50AD7205-0997-49D8-B78D-92B40F9108B6}.Debug40|Any CPU.Build.0 = Debug|Any CPU
		{50AD7205-0997-49D8-B78D-92B40F9108B6}.Release|Any CPU.ActiveCfg = Release|Any CPU
		{50AD7205-0997-49D8-B78D-92B40F9108B6}.Release|Any CPU.Build.0 = Release|Any CPU
		{2812F613-2AF3-4507-8F7E-30087C8CA38F}.Debug|Any CPU.ActiveCfg = Debug|Any CPU
		{2812F613-2AF3-4507-8F7E-30087C8CA38F}.Debug|Any CPU.Build.0 = Debug|Any CPU
		{2812F613-2AF3-4507-8F7E-30087C8CA38F}.Debug40|Any CPU.ActiveCfg = Debug|Any CPU
		{2812F613-2AF3-4507-8F7E-30087C8CA38F}.Debug40|Any CPU.Build.0 = Debug|Any CPU
		{2812F613-2AF3-4507-8F7E-30087C8CA38F}.Release|Any CPU.ActiveCfg = Release|Any CPU
		{2812F613-2AF3-4507-8F7E-30087C8CA38F}.Release|Any CPU.Build.0 = Release|Any CPU
		{DB867B23-3959-4476-9485-3FB8FF717FA6}.Debug|Any CPU.ActiveCfg = Debug|Any CPU
		{DB867B23-3959-4476-9485-3FB8FF717FA6}.Debug|Any CPU.Build.0 = Debug|Any CPU
		{DB867B23-3959-4476-9485-3FB8FF717FA6}.Debug40|Any CPU.ActiveCfg = Debug|Any CPU
		{DB867B23-3959-4476-9485-3FB8FF717FA6}.Debug40|Any CPU.Build.0 = Debug|Any CPU
		{DB867B23-3959-4476-9485-3FB8FF717FA6}.Release|Any CPU.ActiveCfg = Release|Any CPU
		{DB867B23-3959-4476-9485-3FB8FF717FA6}.Release|Any CPU.Build.0 = Release|Any CPU
		{072E0C90-87E8-4ECE-890E-CC1BB9AA097D}.Debug|Any CPU.ActiveCfg = Debug|Any CPU
		{072E0C90-87E8-4ECE-890E-CC1BB9AA097D}.Debug|Any CPU.Build.0 = Debug|Any CPU
		{072E0C90-87E8-4ECE-890E-CC1BB9AA097D}.Debug40|Any CPU.ActiveCfg = Debug|Any CPU
		{072E0C90-87E8-4ECE-890E-CC1BB9AA097D}.Debug40|Any CPU.Build.0 = Debug|Any CPU
		{072E0C90-87E8-4ECE-890E-CC1BB9AA097D}.Release|Any CPU.ActiveCfg = Release|Any CPU
		{072E0C90-87E8-4ECE-890E-CC1BB9AA097D}.Release|Any CPU.Build.0 = Release|Any CPU
		{8E705F72-9A92-4BAD-B847-53F78381BB44}.Debug|Any CPU.ActiveCfg = Debug|Any CPU
		{8E705F72-9A92-4BAD-B847-53F78381BB44}.Debug|Any CPU.Build.0 = Debug|Any CPU
		{8E705F72-9A92-4BAD-B847-53F78381BB44}.Debug40|Any CPU.ActiveCfg = Debug|Any CPU
		{8E705F72-9A92-4BAD-B847-53F78381BB44}.Debug40|Any CPU.Build.0 = Debug|Any CPU
		{8E705F72-9A92-4BAD-B847-53F78381BB44}.Release|Any CPU.ActiveCfg = Release|Any CPU
		{8E705F72-9A92-4BAD-B847-53F78381BB44}.Release|Any CPU.Build.0 = Release|Any CPU
		{351B205A-D727-477D-B19C-8F4BA6970E90}.Debug|Any CPU.ActiveCfg = Debug|Any CPU
		{351B205A-D727-477D-B19C-8F4BA6970E90}.Debug|Any CPU.Build.0 = Debug|Any CPU
		{351B205A-D727-477D-B19C-8F4BA6970E90}.Debug40|Any CPU.ActiveCfg = Debug|Any CPU
		{351B205A-D727-477D-B19C-8F4BA6970E90}.Debug40|Any CPU.Build.0 = Debug|Any CPU
		{351B205A-D727-477D-B19C-8F4BA6970E90}.Release|Any CPU.ActiveCfg = Release|Any CPU
		{351B205A-D727-477D-B19C-8F4BA6970E90}.Release|Any CPU.Build.0 = Release|Any CPU
		{5C5C7C95-5B26-43D6-9F5D-CDF613F53E70}.Debug|Any CPU.ActiveCfg = Debug|Any CPU
		{5C5C7C95-5B26-43D6-9F5D-CDF613F53E70}.Debug|Any CPU.Build.0 = Debug|Any CPU
		{5C5C7C95-5B26-43D6-9F5D-CDF613F53E70}.Debug40|Any CPU.ActiveCfg = Debug|Any CPU
		{5C5C7C95-5B26-43D6-9F5D-CDF613F53E70}.Debug40|Any CPU.Build.0 = Debug|Any CPU
		{5C5C7C95-5B26-43D6-9F5D-CDF613F53E70}.Release|Any CPU.ActiveCfg = Release|Any CPU
		{5C5C7C95-5B26-43D6-9F5D-CDF613F53E70}.Release|Any CPU.Build.0 = Release|Any CPU
	EndGlobalSection
	GlobalSection(SolutionProperties) = preSolution
		HideSolutionNode = FALSE
	EndGlobalSection
	GlobalSection(NestedProjects) = preSolution
		{50AD7205-0997-49D8-B78D-92B40F9108B6} = {441D5FAF-4A92-47E2-A0AE-E268C12A7C8A}
		{2812F613-2AF3-4507-8F7E-30087C8CA38F} = {441D5FAF-4A92-47E2-A0AE-E268C12A7C8A}
		{DB867B23-3959-4476-9485-3FB8FF717FA6} = {BA3B7DCE-BF0F-4263-BF7A-BFDE2A2CD1EE}
		{072E0C90-87E8-4ECE-890E-CC1BB9AA097D} = {BA3B7DCE-BF0F-4263-BF7A-BFDE2A2CD1EE}
		{8E705F72-9A92-4BAD-B847-53F78381BB44} = {AAF729C6-1548-46D6-9AC0-AAD106A68641}
		{351B205A-D727-477D-B19C-8F4BA6970E90} = {AAF729C6-1548-46D6-9AC0-AAD106A68641}
	EndGlobalSection
EndGlobal
